
Microsoft Visual Studio Solution File, Format Version 12.00
# Visual Studio Version 17
VisualStudioVersion = 17.9.34723.18
MinimumVisualStudioVersion = 10.0.40219.1
Project("{FAE04EC0-301F-11D3-BF4B-00C04F79EFBC}") = "Calculator", "Calculator.csproj", "{9DB63F39-AF80-46CE-9347-9E11543106EF}"
EndProject
Global
	GlobalSection(SolutionConfigurationPlatforms) = preSolution
		Debug|Any CPU = Debug|Any CPU
		Release|Any CPU = Release|Any CPU
	EndGlobalSection
	GlobalSection(ProjectConfigurationPlatforms) = postSolution
		{9DB63F39-AF80-46CE-9347-9E11543106EF}.Debug|Any CPU.ActiveCfg = Debug|Any CPU
		{9DB63F39-AF80-46CE-9347-9E11543106EF}.Debug|Any CPU.Build.0 = Debug|Any CPU
		{9DB63F39-AF80-46CE-9347-9E11543106EF}.Release|Any CPU.ActiveCfg = Release|Any CPU
		{9DB63F39-AF80-46CE-9347-9E11543106EF}.Release|Any CPU.Build.0 = Release|Any CPU
	EndGlobalSection
	GlobalSection(SolutionProperties) = preSolution
		HideSolutionNode = FALSE
	EndGlobalSection
	GlobalSection(ExtensibilityGlobals) = postSolution
		SolutionGuid = {0F54655A-A9D5-4301-92F0-87DD4766F23D}
	EndGlobalSection
EndGlobal
